<?xml version="1.0" encoding="utf-8"?>
<Project ToolsVersion="4.0" xmlns="http://schemas.microsoft.com/developer/msbuild/2003">
  <ItemGroup>
    <Filter Include="源文件">
      <UniqueIdentifier>{4FC737F1-C7A5-4376-A066-2A32D752A2FF}</UniqueIdentifier>
      <Extensions>cpp;c;cc;cxx;def;odl;idl;hpj;bat;asm;asmx</Extensions>
    </Filter>
    <Filter Include="头文件">
      <UniqueIdentifier>{93995380-89BD-4b04-88EB-625FBE52EBFB}</UniqueIdentifier>
      <Extensions>h;hh;hpp;hxx;hm;inl;inc;xsd</Extensions>
    </Filter>
    <Filter Include="资源文件">
      <UniqueIdentifier>{67DA6AB6-F800-4c08-8B7A-83BB121AAD01}</UniqueIdentifier>
      <Extensions>rc;ico;cur;bmp;dlg;rc2;rct;bin;rgs;gif;jpg;jpeg;jpe;resx;tiff;tif;png;wav;mfcribbon-ms</Extensions>
    </Filter>
    <Filter Include="AreialProduct">
      <UniqueIdentifier>{cc42ca22-1dc7-4972-8cd6-88b3d4574348}</UniqueIdentifier>
    </Filter>
    <Filter Include="rapidxml">
      <UniqueIdentifier>{2371a53a-d3fb-443b-845f-e54c361ff1a9}</UniqueIdentifier>
    </Filter>
    <Filter Include="HyperSpectral">
      <UniqueIdentifier>{60e684b1-de32-46c2-a166-966f519a3634}</UniqueIdentifier>
    </Filter>
    <Filter Include="FrequencyFunc">
      <UniqueIdentifier>{2e25eaca-47d3-46c7-b536-ac8fca63735b}</UniqueIdentifier>
    </Filter>
    <Filter Include="rsImgProcess">
      <UniqueIdentifier>{7660631f-0dab-459d-ab3f-1885ca50ed39}</UniqueIdentifier>
    </Filter>
  </ItemGroup>
  <ItemGroup>
    <Text Include="ReadMe.txt" />
  </ItemGroup>
  <ItemGroup>
    <ClInclude Include="stdafx.h">
      <Filter>头文件</Filter>
    </ClInclude>
    <ClInclude Include="targetver.h">
      <Filter>头文件</Filter>
    </ClInclude>
    <ClInclude Include="rapidxml\rapidxml.hpp">
      <Filter>rapidxml</Filter>
    </ClInclude>
    <ClInclude Include="rapidxml\rapidxml_iterators.hpp">
      <Filter>rapidxml</Filter>
    </ClInclude>
    <ClInclude Include="rapidxml\rapidxml_print.hpp">
      <Filter>rapidxml</Filter>
    </ClInclude>
    <ClInclude Include="rapidxml\rapidxml_utils.hpp">
      <Filter>rapidxml</Filter>
    </ClInclude>
    <ClInclude Include="Global.h">
      <Filter>头文件</Filter>
    </ClInclude>
    <ClInclude Include="AuxiliaryFunction.h">
      <Filter>头文件</Filter>
    </ClInclude>
    <ClInclude Include="GeoPOSProcess.h">
      <Filter>头文件</Filter>
    </ClInclude>
    <ClInclude Include="CoordinateTrans.h">
      <Filter>头文件</Filter>
    </ClInclude>
    <ClInclude Include="matrixOperation.h">
      <Filter>头文件</Filter>
    </ClInclude>
    <ClInclude Include="tsmUTM.h">
      <Filter>头文件</Filter>
    </ClInclude>
    <ClInclude Include="RunObject.h">
      <Filter>头文件</Filter>
    </ClInclude>
    <ClInclude Include="ThreadPool.h">
      <Filter>头文件</Filter>
    </ClInclude>
    <ClInclude Include="AerialProduct\ExtractXML.h">
      <Filter>AreialProduct</Filter>
    </ClInclude>
    <ClInclude Include="AerialProduct\Level0Process.h">
      <Filter>AreialProduct</Filter>
    </ClInclude>
    <ClInclude Include="AerialProduct\Level1Process.h">
      <Filter>AreialProduct</Filter>
    </ClInclude>
    <ClInclude Include="AerialProduct\Level2Process.h">
      <Filter>AreialProduct</Filter>
    </ClInclude>
    <ClInclude Include="AerialProduct\PreProcess.h">
      <Filter>AreialProduct</Filter>
    </ClInclude>
    <ClInclude Include="AerialProduct\ProductTest.h">
      <Filter>AreialProduct</Filter>
    </ClInclude>
    <ClInclude Include="GDALTools.h">
      <Filter>头文件</Filter>
    </ClInclude>
    <ClInclude Include="HyperSpectral\HyperSpectural.h">
      <Filter>HyperSpectral</Filter>
    </ClInclude>
    <ClInclude Include="HyperSpectral\fusionfunc.h">
      <Filter>HyperSpectral</Filter>
    </ClInclude>
    <ClInclude Include="FrequencyFunc\waveletTrans.h">
      <Filter>FrequencyFunc</Filter>
    </ClInclude>
    <ClInclude Include="rsImgProcess\ImageBlock.h">
      <Filter>rsImgProcess</Filter>
    </ClInclude>
    <ClInclude Include="rsImgProcess\spFliter.h">
      <Filter>rsImgProcess</Filter>
    </ClInclude>
    <ClInclude Include="rsImgProcess\SampleFunc.h">
      <Filter>rsImgProcess</Filter>
    </ClInclude>
  </ItemGroup>
  <ItemGroup>
    <ClCompile Include="stdafx.cpp">
      <Filter>源文件</Filter>
    </ClCompile>
    <ClCompile Include="rsProcess.cpp">
      <Filter>源文件</Filter>
    </ClCompile>
    <ClCompile Include="AuxiliaryFunction.cpp">
      <Filter>源文件</Filter>
    </ClCompile>
    <ClCompile Include="GeoPOSProcess.cpp">
      <Filter>源文件</Filter>
    </ClCompile>
    <ClCompile Include="matrixOperation.cpp">
      <Filter>源文件</Filter>
    </ClCompile>
    <ClCompile Include="tsmUTM.cpp">
      <Filter>源文件</Filter>
    </ClCompile>
    <ClCompile Include="CoordinateTrans.cpp">
      <Filter>源文件</Filter>
    </ClCompile>
    <ClCompile Include="ThreadPool.cpp">
      <Filter>源文件</Filter>
    </ClCompile>
    <ClCompile Include="AerialProduct\ExtractXML.cpp">
      <Filter>AreialProduct</Filter>
    </ClCompile>
    <ClCompile Include="AerialProduct\Level0Process.cpp">
      <Filter>AreialProduct</Filter>
    </ClCompile>
    <ClCompile Include="AerialProduct\Level2Process.cpp">
      <Filter>AreialProduct</Filter>
    </ClCompile>
    <ClCompile Include="AerialProduct\ProductTest.cpp">
      <Filter>AreialProduct</Filter>
    </ClCompile>
    <ClCompile Include="AerialProduct\QPDLevel1Process.cpp">
      <Filter>AreialProduct</Filter>
    </ClCompile>
    <ClCompile Include="AerialProduct\QPDPreProcess.cpp">
      <Filter>AreialProduct</Filter>
    </ClCompile>
    <ClCompile Include="AerialProduct\THRLevel1Process.cpp">
      <Filter>AreialProduct</Filter>
    </ClCompile>
    <ClCompile Include="HyperSpectral\HyperSpectural.cpp">
      <Filter>HyperSpectral</Filter>
    </ClCompile>
    <ClCompile Include="HyperSpectral\simulatedata.cpp">
      <Filter>HyperSpectral</Filter>
    </ClCompile>
    <ClCompile Include="HyperSpectral\sparse_represent.cpp">
      <Filter>HyperSpectral</Filter>
    </ClCompile>
    <ClCompile Include="HyperSpectral\umixing.cpp">
      <Filter>HyperSpectral</Filter>
    </ClCompile>
    <ClCompile Include="HyperSpectral\wavelet_fusion.cpp">
      <Filter>HyperSpectral</Filter>
    </ClCompile>
    <ClCompile Include="FrequencyFunc\waveletTrans.cpp">
      <Filter>FrequencyFunc</Filter>
    </ClCompile>
    <ClCompile Include="rsImgProcess\ImageBlock.cpp">
      <Filter>rsImgProcess</Filter>
    </ClCompile>
    <ClCompile Include="rsImgProcess\SampleFunc.cpp">
      <Filter>rsImgProcess</Filter>
    </ClCompile>
    <ClCompile Include="rsImgProcess\spFliter.cpp">
      <Filter>rsImgProcess</Filter>
    </ClCompile>
    <ClCompile Include="GDALTools.cpp">
      <Filter>源文件</Filter>
    </ClCompile>
  </ItemGroup>
</Project>