<?xml version="1.0" encoding="utf-8"?>
<Project ToolsVersion="4.0" xmlns="http://schemas.microsoft.com/developer/msbuild/2003">
  <ItemGroup>
    <Filter Include="源文件">
      <UniqueIdentifier>{4FC737F1-C7A5-4376-A066-2A32D752A2FF}</UniqueIdentifier>
      <Extensions>cpp;c;cc;cxx;def;odl;idl;hpj;bat;asm;asmx</Extensions>
    </Filter>
    <Filter Include="头文件">
      <UniqueIdentifier>{93995380-89BD-4b04-88EB-625FBE52EBFB}</UniqueIdentifier>
      <Extensions>h;hh;hpp;hxx;hm;inl;inc;xsd</Extensions>
    </Filter>
    <Filter Include="资源文件">
      <UniqueIdentifier>{67DA6AB6-F800-4c08-8B7A-83BB121AAD01}</UniqueIdentifier>
      <Extensions>rc;ico;cur;bmp;dlg;rc2;rct;bin;rgs;gif;jpg;jpeg;jpe;resx;tiff;tif;png;wav;mfcribbon-ms</Extensions>
    </Filter>
    <Filter Include="头文件\rapidxml">
      <UniqueIdentifier>{2371a53a-d3fb-443b-845f-e54c361ff1a9}</UniqueIdentifier>
    </Filter>
    <Filter Include="头文件\AreialProduct">
      <UniqueIdentifier>{cc42ca22-1dc7-4972-8cd6-88b3d4574348}</UniqueIdentifier>
    </Filter>
  </ItemGroup>
  <ItemGroup>
    <Text Include="ReadMe.txt" />
  </ItemGroup>
  <ItemGroup>
    <ClInclude Include="stdafx.h">
      <Filter>头文件</Filter>
    </ClInclude>
    <ClInclude Include="targetver.h">
      <Filter>头文件</Filter>
    </ClInclude>
    <ClInclude Include="rapidxml\rapidxml.hpp">
      <Filter>头文件\rapidxml</Filter>
    </ClInclude>
    <ClInclude Include="rapidxml\rapidxml_iterators.hpp">
      <Filter>头文件\rapidxml</Filter>
    </ClInclude>
    <ClInclude Include="rapidxml\rapidxml_print.hpp">
      <Filter>头文件\rapidxml</Filter>
    </ClInclude>
    <ClInclude Include="rapidxml\rapidxml_utils.hpp">
      <Filter>头文件\rapidxml</Filter>
    </ClInclude>
    <ClInclude Include="Global.h">
      <Filter>头文件</Filter>
    </ClInclude>
    <ClInclude Include="AuxiliaryFunction.h">
      <Filter>头文件</Filter>
    </ClInclude>
    <ClInclude Include="GeoPOSProcess.h">
      <Filter>头文件</Filter>
    </ClInclude>
    <ClInclude Include="CoordinateTrans.h">
      <Filter>头文件</Filter>
    </ClInclude>
    <ClInclude Include="matrixOperation.h">
      <Filter>头文件</Filter>
    </ClInclude>
    <ClInclude Include="tsmUTM.h">
      <Filter>头文件</Filter>
    </ClInclude>
    <ClInclude Include="ExtractXML.h">
      <Filter>头文件\AreialProduct</Filter>
    </ClInclude>
    <ClInclude Include="Level0Process.h">
      <Filter>头文件\AreialProduct</Filter>
    </ClInclude>
    <ClInclude Include="Level1Process.h">
      <Filter>头文件\AreialProduct</Filter>
    </ClInclude>
    <ClInclude Include="Level2Process.h">
      <Filter>头文件\AreialProduct</Filter>
    </ClInclude>
    <ClInclude Include="PreProcess.h">
      <Filter>头文件\AreialProduct</Filter>
    </ClInclude>
    <ClInclude Include="ProductTest.h">
      <Filter>头文件\AreialProduct</Filter>
    </ClInclude>
  </ItemGroup>
  <ItemGroup>
    <ClCompile Include="stdafx.cpp">
      <Filter>源文件</Filter>
    </ClCompile>
    <ClCompile Include="rsProcess.cpp">
      <Filter>源文件</Filter>
    </ClCompile>
    <ClCompile Include="AuxiliaryFunction.cpp">
      <Filter>源文件</Filter>
    </ClCompile>
    <ClCompile Include="GeoPOSProcess.cpp">
      <Filter>源文件</Filter>
    </ClCompile>
    <ClCompile Include="matrixOperation.cpp">
      <Filter>源文件</Filter>
    </ClCompile>
    <ClCompile Include="tsmUTM.cpp">
      <Filter>源文件</Filter>
    </ClCompile>
    <ClCompile Include="CoordinateTrans.cpp">
      <Filter>源文件</Filter>
    </ClCompile>
    <ClCompile Include="ExtractXML.cpp">
      <Filter>头文件\AreialProduct</Filter>
    </ClCompile>
    <ClCompile Include="Level0Process.cpp">
      <Filter>头文件\AreialProduct</Filter>
    </ClCompile>
    <ClCompile Include="Level2Process.cpp">
      <Filter>头文件\AreialProduct</Filter>
    </ClCompile>
    <ClCompile Include="ProductTest.cpp">
      <Filter>头文件\AreialProduct</Filter>
    </ClCompile>
    <ClCompile Include="QPDLevel1Process.cpp">
      <Filter>头文件\AreialProduct</Filter>
    </ClCompile>
    <ClCompile Include="QPDPreProcess.cpp">
      <Filter>头文件\AreialProduct</Filter>
    </ClCompile>
    <ClCompile Include="THRLevel1Process.cpp">
      <Filter>头文件\AreialProduct</Filter>
    </ClCompile>
  </ItemGroup>
</Project>